
Microsoft Visual Studio Solution File, Format Version 12.00
# Visual Studio Version 17
VisualStudioVersion = 17.9.34723.18
MinimumVisualStudioVersion = 10.0.40219.1
Project("{9A19103F-16F7-4668-BE54-9A1E7A4F7556}") = "LibraryToDo.Api", "LibraryToDo.Api\LibraryToDo.Api.csproj", "{46F6A034-E3AD-403A-8CD2-50CF8D3E3432}"
EndProject
Global
	GlobalSection(SolutionConfigurationPlatforms) = preSolution
		Debug|Any CPU = Debug|Any CPU
		Release|Any CPU = Release|Any CPU
	EndGlobalSection
	GlobalSection(ProjectConfigurationPlatforms) = postSolution
		{46F6A034-E3AD-403A-8CD2-50CF8D3E3432}.Debug|Any CPU.ActiveCfg = Debug|Any CPU
		{46F6A034-E3AD-403A-8CD2-50CF8D3E3432}.Debug|Any CPU.Build.0 = Debug|Any CPU
		{46F6A034-E3AD-403A-8CD2-50CF8D3E3432}.Release|Any CPU.ActiveCfg = Release|Any CPU
		{46F6A034-E3AD-403A-8CD2-50CF8D3E3432}.Release|Any CPU.Build.0 = Release|Any CPU
	EndGlobalSection
	GlobalSection(SolutionProperties) = preSolution
		HideSolutionNode = FALSE
	EndGlobalSection
	GlobalSection(ExtensibilityGlobals) = postSolution
		SolutionGuid = {052AFCF6-284C-4A82-BCFF-C9569E98D903}
	EndGlobalSection
EndGlobal
